
Microsoft Visual Studio Solution File, Format Version 12.00
# Visual Studio 15
VisualStudioVersion = 15.0.28307.1082
MinimumVisualStudioVersion = 10.0.40219.1
Project("{FAE04EC0-301F-11D3-BF4B-00C04F79EFBC}") = "AppParcial2.Android", "AppParcial2\AppParcial2.Android\AppParcial2.Android.csproj", "{C392DE90-1998-4C31-A469-3E5D0765F184}"
EndProject
Project("{FAE04EC0-301F-11D3-BF4B-00C04F79EFBC}") = "AppParcial2.iOS", "AppParcial2\AppParcial2.iOS\AppParcial2.iOS.csproj", "{02BB79C1-9ADD-4BD4-8671-D5680D6B6CAB}"
EndProject
Project("{FAE04EC0-301F-11D3-BF4B-00C04F79EFBC}") = "AppParcial2", "AppParcial2\AppParcial2\AppParcial2.csproj", "{8D39D801-8F96-48D9-ADCE-0C4761C40CF8}"
EndProject
Global
	GlobalSection(SolutionConfigurationPlatforms) = preSolution
		Ad-Hoc|Any CPU = Ad-Hoc|Any CPU
		Ad-Hoc|iPhone = Ad-Hoc|iPhone
		Ad-Hoc|iPhoneSimulator = Ad-Hoc|iPhoneSimulator
		AppStore|Any CPU = AppStore|Any CPU
		AppStore|iPhone = AppStore|iPhone
		AppStore|iPhoneSimulator = AppStore|iPhoneSimulator
		Debug|Any CPU = Debug|Any CPU
		Debug|iPhone = Debug|iPhone
		Debug|iPhoneSimulator = Debug|iPhoneSimulator
		Release|Any CPU = Release|Any CPU
		Release|iPhone = Release|iPhone
		Release|iPhoneSimulator = Release|iPhoneSimulator
	EndGlobalSection
	GlobalSection(ProjectConfigurationPlatforms) = postSolution
		{C392DE90-1998-4C31-A469-3E5D0765F184}.Ad-Hoc|Any CPU.ActiveCfg = Release|Any CPU
		{C392DE90-1998-4C31-A469-3E5D0765F184}.Ad-Hoc|Any CPU.Build.0 = Release|Any CPU
		{C392DE90-1998-4C31-A469-3E5D0765F184}.Ad-Hoc|Any CPU.Deploy.0 = Release|Any CPU
		{C392DE90-1998-4C31-A469-3E5D0765F184}.Ad-Hoc|iPhone.ActiveCfg = Release|Any CPU
		{C392DE90-1998-4C31-A469-3E5D0765F184}.Ad-Hoc|iPhone.Build.0 = Release|Any CPU
		{C392DE90-1998-4C31-A469-3E5D0765F184}.Ad-Hoc|iPhone.Deploy.0 = Release|Any CPU
		{C392DE90-1998-4C31-A469-3E5D0765F184}.Ad-Hoc|iPhoneSimulator.ActiveCfg = Release|Any CPU
		{C392DE90-1998-4C31-A469-3E5D0765F184}.Ad-Hoc|iPhoneSimulator.Build.0 = Release|Any CPU
		{C392DE90-1998-4C31-A469-3E5D0765F184}.Ad-Hoc|iPhoneSimulator.Deploy.0 = Release|Any CPU
		{C392DE90-1998-4C31-A469-3E5D0765F184}.AppStore|Any CPU.ActiveCfg = Release|Any CPU
		{C392DE90-1998-4C31-A469-3E5D0765F184}.AppStore|Any CPU.Build.0 = Release|Any CPU
		{C392DE90-1998-4C31-A469-3E5D0765F184}.AppStore|Any CPU.Deploy.0 = Release|Any CPU
		{C392DE90-1998-4C31-A469-3E5D0765F184}.AppStore|iPhone.ActiveCfg = Release|Any CPU
		{C392DE90-1998-4C31-A469-3E5D0765F184}.AppStore|iPhone.Build.0 = Release|Any CPU
		{C392DE90-1998-4C31-A469-3E5D0765F184}.AppStore|iPhone.Deploy.0 = Release|Any CPU
		{C392DE90-1998-4C31-A469-3E5D0765F184}.AppStore|iPhoneSimulator.ActiveCfg = Release|Any CPU
		{C392DE90-1998-4C31-A469-3E5D0765F184}.AppStore|iPhoneSimulator.Build.0 = Release|Any CPU
		{C392DE90-1998-4C31-A469-3E5D0765F184}.AppStore|iPhoneSimulator.Deploy.0 = Release|Any CPU
		{C392DE90-1998-4C31-A469-3E5D0765F184}.Debug|Any CPU.ActiveCfg = Debug|Any CPU
		{C392DE90-1998-4C31-A469-3E5D0765F184}.Debug|Any CPU.Build.0 = Debug|Any CPU
		{C392DE90-1998-4C31-A469-3E5D0765F184}.Debug|Any CPU.Deploy.0 = Debug|Any CPU
		{C392DE90-1998-4C31-A469-3E5D0765F184}.Debug|iPhone.ActiveCfg = Debug|Any CPU
		{C392DE90-1998-4C31-A469-3E5D0765F184}.Debug|iPhone.Build.0 = Debug|Any CPU
		{C392DE90-1998-4C31-A469-3E5D0765F184}.Debug|iPhone.Deploy.0 = Debug|Any CPU
		{C392DE90-1998-4C31-A469-3E5D0765F184}.Debug|iPhoneSimulator.ActiveCfg = Debug|Any CPU
		{C392DE90-1998-4C31-A469-3E5D0765F184}.Debug|iPhoneSimulator.Build.0 = Debug|Any CPU
		{C392DE90-1998-4C31-A469-3E5D0765F184}.Debug|iPhoneSimulator.Deploy.0 = Debug|Any CPU
		{C392DE90-1998-4C31-A469-3E5D0765F184}.Release|Any CPU.ActiveCfg = Release|Any CPU
		{C392DE90-1998-4C31-A469-3E5D0765F184}.Release|Any CPU.Build.0 = Release|Any CPU
		{C392DE90-1998-4C31-A469-3E5D0765F184}.Release|Any CPU.Deploy.0 = Release|Any CPU
		{C392DE90-1998-4C31-A469-3E5D0765F184}.Release|iPhone.ActiveCfg = Release|Any CPU
		{C392DE90-1998-4C31-A469-3E5D0765F184}.Release|iPhone.Build.0 = Release|Any CPU
		{C392DE90-1998-4C31-A469-3E5D0765F184}.Release|iPhone.Deploy.0 = Release|Any CPU
		{C392DE90-1998-4C31-A469-3E5D0765F184}.Release|iPhoneSimulator.ActiveCfg = Release|Any CPU
		{C392DE90-1998-4C31-A469-3E5D0765F184}.Release|iPhoneSimulator.Build.0 = Release|Any CPU
		{C392DE90-1998-4C31-A469-3E5D0765F184}.Release|iPhoneSimulator.Deploy.0 = Release|Any CPU
		{02BB79C1-9ADD-4BD4-8671-D5680D6B6CAB}.Ad-Hoc|Any CPU.ActiveCfg = Ad-Hoc|iPhone
		{02BB79C1-9ADD-4BD4-8671-D5680D6B6CAB}.Ad-Hoc|Any CPU.Build.0 = Ad-Hoc|iPhone
		{02BB79C1-9ADD-4BD4-8671-D5680D6B6CAB}.Ad-Hoc|Any CPU.Deploy.0 = Ad-Hoc|iPhone
		{02BB79C1-9ADD-4BD4-8671-D5680D6B6CAB}.Ad-Hoc|iPhone.ActiveCfg = Ad-Hoc|iPhone
		{02BB79C1-9ADD-4BD4-8671-D5680D6B6CAB}.Ad-Hoc|iPhone.Build.0 = Ad-Hoc|iPhone
		{02BB79C1-9ADD-4BD4-8671-D5680D6B6CAB}.Ad-Hoc|iPhone.Deploy.0 = Ad-Hoc|iPhone
		{02BB79C1-9ADD-4BD4-8671-D5680D6B6CAB}.Ad-Hoc|iPhoneSimulator.ActiveCfg = Ad-Hoc|iPhoneSimulator
		{02BB79C1-9ADD-4BD4-8671-D5680D6B6CAB}.Ad-Hoc|iPhoneSimulator.Build.0 = Ad-Hoc|iPhoneSimulator
		{02BB79C1-9ADD-4BD4-8671-D5680D6B6CAB}.Ad-Hoc|iPhoneSimulator.Deploy.0 = Ad-Hoc|iPhoneSimulator
		{02BB79C1-9ADD-4BD4-8671-D5680D6B6CAB}.AppStore|Any CPU.ActiveCfg = AppStore|iPhone
		{02BB79C1-9ADD-4BD4-8671-D5680D6B6CAB}.AppStore|Any CPU.Build.0 = AppStore|iPhone
		{02BB79C1-9ADD-4BD4-8671-D5680D6B6CAB}.AppStore|Any CPU.Deploy.0 = AppStore|iPhone
		{02BB79C1-9ADD-4BD4-8671-D5680D6B6CAB}.AppStore|iPhone.ActiveCfg = AppStore|iPhone
		{02BB79C1-9ADD-4BD4-8671-D5680D6B6CAB}.AppStore|iPhone.Build.0 = AppStore|iPhone
		{02BB79C1-9ADD-4BD4-8671-D5680D6B6CAB}.AppStore|iPhone.Deploy.0 = AppStore|iPhone
		{02BB79C1-9ADD-4BD4-8671-D5680D6B6CAB}.AppStore|iPhoneSimulator.ActiveCfg = AppStore|iPhoneSimulator
		{02BB79C1-9ADD-4BD4-8671-D5680D6B6CAB}.AppStore|iPhoneSimulator.Build.0 = AppStore|iPhoneSimulator
		{02BB79C1-9ADD-4BD4-8671-D5680D6B6CAB}.AppStore|iPhoneSimulator.Deploy.0 = AppStore|iPhoneSimulator
		{02BB79C1-9ADD-4BD4-8671-D5680D6B6CAB}.Debug|Any CPU.ActiveCfg = Debug|iPhoneSimulator
		{02BB79C1-9ADD-4BD4-8671-D5680D6B6CAB}.Debug|Any CPU.Build.0 = Debug|iPhoneSimulator
		{02BB79C1-9ADD-4BD4-8671-D5680D6B6CAB}.Debug|Any CPU.Deploy.0 = Debug|iPhoneSimulator
		{02BB79C1-9ADD-4BD4-8671-D5680D6B6CAB}.Debug|iPhone.ActiveCfg = Debug|iPhone
		{02BB79C1-9ADD-4BD4-8671-D5680D6B6CAB}.Debug|iPhone.Build.0 = Debug|iPhone
		{02BB79C1-9ADD-4BD4-8671-D5680D6B6CAB}.Debug|iPhone.Deploy.0 = Debug|iPhone
		{02BB79C1-9ADD-4BD4-8671-D5680D6B6CAB}.Debug|iPhoneSimulator.ActiveCfg = Debug|iPhoneSimulator
		{02BB79C1-9ADD-4BD4-8671-D5680D6B6CAB}.Debug|iPhoneSimulator.Build.0 = Debug|iPhoneSimulator
		{02BB79C1-9ADD-4BD4-8671-D5680D6B6CAB}.Debug|iPhoneSimulator.Deploy.0 = Debug|iPhoneSimulator
		{02BB79C1-9ADD-4BD4-8671-D5680D6B6CAB}.Release|Any CPU.ActiveCfg = Release|iPhone
		{02BB79C1-9ADD-4BD4-8671-D5680D6B6CAB}.Release|Any CPU.Build.0 = Release|iPhone
		{02BB79C1-9ADD-4BD4-8671-D5680D6B6CAB}.Release|Any CPU.Deploy.0 = Release|iPhone
		{02BB79C1-9ADD-4BD4-8671-D5680D6B6CAB}.Release|iPhone.ActiveCfg = Release|iPhone
		{02BB79C1-9ADD-4BD4-8671-D5680D6B6CAB}.Release|iPhone.Build.0 = Release|iPhone
		{02BB79C1-9ADD-4BD4-8671-D5680D6B6CAB}.Release|iPhone.Deploy.0 = Release|iPhone
		{02BB79C1-9ADD-4BD4-8671-D5680D6B6CAB}.Release|iPhoneSimulator.ActiveCfg = Release|iPhoneSimulator
		{02BB79C1-9ADD-4BD4-8671-D5680D6B6CAB}.Release|iPhoneSimulator.Build.0 = Release|iPhoneSimulator
		{02BB79C1-9ADD-4BD4-8671-D5680D6B6CAB}.Release|iPhoneSimulator.Deploy.0 = Release|iPhoneSimulator
		{8D39D801-8F96-48D9-ADCE-0C4761C40CF8}.Ad-Hoc|Any CPU.ActiveCfg = Debug|Any CPU
		{8D39D801-8F96-48D9-ADCE-0C4761C40CF8}.Ad-Hoc|Any CPU.Build.0 = Debug|Any CPU
		{8D39D801-8F96-48D9-ADCE-0C4761C40CF8}.Ad-Hoc|Any CPU.Deploy.0 = Debug|Any CPU
		{8D39D801-8F96-48D9-ADCE-0C4761C40CF8}.Ad-Hoc|iPhone.ActiveCfg = Debug|Any CPU
		{8D39D801-8F96-48D9-ADCE-0C4761C40CF8}.Ad-Hoc|iPhone.Build.0 = Debug|Any CPU
		{8D39D801-8F96-48D9-ADCE-0C4761C40CF8}.Ad-Hoc|iPhone.Deploy.0 = Debug|Any CPU
		{8D39D801-8F96-48D9-ADCE-0C4761C40CF8}.Ad-Hoc|iPhoneSimulator.ActiveCfg = Debug|Any CPU
		{8D39D801-8F96-48D9-ADCE-0C4761C40CF8}.Ad-Hoc|iPhoneSimulator.Build.0 = Debug|Any CPU
		{8D39D801-8F96-48D9-ADCE-0C4761C40CF8}.Ad-Hoc|iPhoneSimulator.Deploy.0 = Debug|Any CPU
		{8D39D801-8F96-48D9-ADCE-0C4761C40CF8}.AppStore|Any CPU.ActiveCfg = Debug|Any CPU
		{8D39D801-8F96-48D9-ADCE-0C4761C40CF8}.AppStore|Any CPU.Build.0 = Debug|Any CPU
		{8D39D801-8F96-48D9-ADCE-0C4761C40CF8}.AppStore|Any CPU.Deploy.0 = Debug|Any CPU
		{8D39D801-8F96-48D9-ADCE-0C4761C40CF8}.AppStore|iPhone.ActiveCfg = Debug|Any CPU
		{8D39D801-8F96-48D9-ADCE-0C4761C40CF8}.AppStore|iPhone.Build.0 = Debug|Any CPU
		{8D39D801-8F96-48D9-ADCE-0C4761C40CF8}.AppStore|iPhone.Deploy.0 = Debug|Any CPU
		{8D39D801-8F96-48D9-ADCE-0C4761C40CF8}.AppStore|iPhoneSimulator.ActiveCfg = Debug|Any CPU
		{8D39D801-8F96-48D9-ADCE-0C4761C40CF8}.AppStore|iPhoneSimulator.Build.0 = Debug|Any CPU
		{8D39D801-8F96-48D9-ADCE-0C4761C40CF8}.AppStore|iPhoneSimulator.Deploy.0 = Debug|Any CPU
		{8D39D801-8F96-48D9-ADCE-0C4761C40CF8}.Debug|Any CPU.ActiveCfg = Debug|Any CPU
		{8D39D801-8F96-48D9-ADCE-0C4761C40CF8}.Debug|Any CPU.Build.0 = Debug|Any CPU
		{8D39D801-8F96-48D9-ADCE-0C4761C40CF8}.Debug|Any CPU.Deploy.0 = Debug|Any CPU
		{8D39D801-8F96-48D9-ADCE-0C4761C40CF8}.Debug|iPhone.ActiveCfg = Debug|Any CPU
		{8D39D801-8F96-48D9-ADCE-0C4761C40CF8}.Debug|iPhone.Build.0 = Debug|Any CPU
		{8D39D801-8F96-48D9-ADCE-0C4761C40CF8}.Debug|iPhone.Deploy.0 = Debug|Any CPU
		{8D39D801-8F96-48D9-ADCE-0C4761C40CF8}.Debug|iPhoneSimulator.ActiveCfg = Debug|Any CPU
		{8D39D801-8F96-48D9-ADCE-0C4761C40CF8}.Debug|iPhoneSimulator.Build.0 = Debug|Any CPU
		{8D39D801-8F96-48D9-ADCE-0C4761C40CF8}.Debug|iPhoneSimulator.Deploy.0 = Debug|Any CPU
		{8D39D801-8F96-48D9-ADCE-0C4761C40CF8}.Release|Any CPU.ActiveCfg = Release|Any CPU
		{8D39D801-8F96-48D9-ADCE-0C4761C40CF8}.Release|Any CPU.Build.0 = Release|Any CPU
		{8D39D801-8F96-48D9-ADCE-0C4761C40CF8}.Release|Any CPU.Deploy.0 = Release|Any CPU
		{8D39D801-8F96-48D9-ADCE-0C4761C40CF8}.Release|iPhone.ActiveCfg = Release|Any CPU
		{8D39D801-8F96-48D9-ADCE-0C4761C40CF8}.Release|iPhone.Build.0 = Release|Any CPU
		{8D39D801-8F96-48D9-ADCE-0C4761C40CF8}.Release|iPhone.Deploy.0 = Release|Any CPU
		{8D39D801-8F96-48D9-ADCE-0C4761C40CF8}.Release|iPhoneSimulator.ActiveCfg = Release|Any CPU
		{8D39D801-8F96-48D9-ADCE-0C4761C40CF8}.Release|iPhoneSimulator.Build.0 = Release|Any CPU
		{8D39D801-8F96-48D9-ADCE-0C4761C40CF8}.Release|iPhoneSimulator.Deploy.0 = Release|Any CPU
	EndGlobalSection
	GlobalSection(SolutionProperties) = preSolution
		HideSolutionNode = FALSE
	EndGlobalSection
	GlobalSection(ExtensibilityGlobals) = postSolution
		SolutionGuid = {4318D19C-DD67-4FB3-A00F-C3CE8FF6B25C}
	EndGlobalSection
EndGlobal
